{
    "_readme": [
        "This file locks the dependencies of your project to a known state",
        "Read more about it at https://getcomposer.org/doc/01-basic-usage.md#composer-lock-the-lock-file",
        "This file is @generated automatically"
    ],
    "content-hash": "ff545098d0d878f8a3d8d6718a150585",
    "packages": [
        {
            "name": "phpmentors/domain-kata",
            "version": "v1.4.0",
            "source": {
                "type": "git",
                "url": "https://github.com/phpmentors-jp/domain-kata.git",
                "reference": "c2d6c671f32e5288a385b642f1d03a13c6c652b3"
            },
            "dist": {
                "type": "zip",
                "url": "https://api.github.com/repos/phpmentors-jp/domain-kata/zipball/c2d6c671f32e5288a385b642f1d03a13c6c652b3",
                "reference": "c2d6c671f32e5288a385b642f1d03a13c6c652b3",
                "shasum": ""
            },
            "require": {
                "php": ">=5.3.3"
            },
            "type": "library",
            "extra": {
                "branch-alias": {
                    "dev-master": "1.4.x-dev"
                }
            },
            "autoload": {
                "psr-4": {
                    "PHPMentors\\DomainKata\\": "src/"
                }
            },
            "notification-url": "https://packagist.org/downloads/",
            "license": [
                "BSD-2-Clause"
            ],
            "authors": [
                {
                    "name": "KUBO Atsuhiro",
                    "email": "kubo@iteman.jp"
                },
                {
                    "name": "GOTO Hidenori",
                    "email": "hidenorigoto@gmail.com"
                }
            ],
            "description": "Kata for domain models",
            "keywords": [
                "Domain Driven Design",
                "architecture",
                "ddd",
                "design",
                "generative programming",
                "modeling"
            ],
            "time": "2015-06-13T01:52:47+00:00"
        }
    ],
    "packages-dev": [],
    "aliases": [],
    "minimum-stability": "stable",
    "stability-flags": [],
    "prefer-stable": false,
    "prefer-lowest": false,
    "platform": [],
    "platform-dev": []
}
